
Microsoft Visual Studio Solution File, Format Version 12.00
# Visual Studio Version 16
VisualStudioVersion = 16.0.29509.3
MinimumVisualStudioVersion = 10.0.40219.1
Project("{FAE04EC0-301F-11D3-BF4B-00C04F79EFBC}") = "Online_Bookshop_Final_Project", "Online_Bookshop_Final_Project.csproj", "{C6E971D9-1BBE-43C1-865B-6ED51F0F0862}"
EndProject
Global
	GlobalSection(SolutionConfigurationPlatforms) = preSolution
		Debug|Any CPU = Debug|Any CPU
		Release|Any CPU = Release|Any CPU
	EndGlobalSection
	GlobalSection(ProjectConfigurationPlatforms) = postSolution
		{C6E971D9-1BBE-43C1-865B-6ED51F0F0862}.Debug|Any CPU.ActiveCfg = Debug|Any CPU
		{C6E971D9-1BBE-43C1-865B-6ED51F0F0862}.Debug|Any CPU.Build.0 = Debug|Any CPU
		{C6E971D9-1BBE-43C1-865B-6ED51F0F0862}.Release|Any CPU.ActiveCfg = Release|Any CPU
		{C6E971D9-1BBE-43C1-865B-6ED51F0F0862}.Release|Any CPU.Build.0 = Release|Any CPU
	EndGlobalSection
	GlobalSection(SolutionProperties) = preSolution
		HideSolutionNode = FALSE
	EndGlobalSection
	GlobalSection(ExtensibilityGlobals) = postSolution
		SolutionGuid = {8A38F710-D32B-4C28-A055-68A2314F025F}
	EndGlobalSection
EndGlobal
